<?xml version="1.0" encoding="utf-8"?>
<Project ToolsVersion="4.0" xmlns="http://schemas.microsoft.com/developer/msbuild/2003">
  <ItemGroup>
    <ClCompile Include="Globals.cpp" />
    <ClCompile Include="ILog.cpp">
      <Filter>Logging</Filter>
    </ClCompile>
    <ClCompile Include="ITimeKeeper.cpp">
      <Filter>Timer</Filter>
    </ClCompile>
    <ClCompile Include="Utilities.cpp">
      <Filter>Utilities</Filter>
    </ClCompile>
    <ClCompile Include="Native.cpp">
      <Filter>Native</Filter>
    </ClCompile>
    <ClCompile Include="ISettings.cpp">
      <Filter>Settings</Filter>
    </ClCompile>
    <ClCompile Include="IObScript.cpp">
      <Filter>ObScript</Filter>
    </ClCompile>
    <ClCompile Include="Definitions.cpp">
      <Filter>Definitions</Filter>
    </ClCompile>
  </ItemGroup>
  <ItemGroup>
    <ClInclude Include="Globals.h" />
    <ClInclude Include="ILog.h">
      <Filter>Logging</Filter>
    </ClInclude>
    <ClInclude Include="ITimeKeeper.h">
      <Filter>Timer</Filter>
    </ClInclude>
    <ClInclude Include="Utilities.h">
      <Filter>Utilities</Filter>
    </ClInclude>
    <ClInclude Include="Native.h">
      <Filter>Native</Filter>
    </ClInclude>
    <ClInclude Include="ISettings.h">
      <Filter>Settings</Filter>
    </ClInclude>
    <ClInclude Include="IObScript.h">
      <Filter>ObScript</Filter>
    </ClInclude>
    <ClInclude Include="Definitions.h">
      <Filter>Definitions</Filter>
    </ClInclude>
  </ItemGroup>
  <ItemGroup>
    <Filter Include="Logging">
      <UniqueIdentifier>{a230c68b-3edc-4d8e-8242-886cd7415d3e}</UniqueIdentifier>
    </Filter>
    <Filter Include="Utilities">
      <UniqueIdentifier>{ac107d68-2686-449d-804b-a8a03eca667d}</UniqueIdentifier>
    </Filter>
    <Filter Include="Timer">
      <UniqueIdentifier>{62a6fa04-5288-4301-8255-1c8d96a7bbfe}</UniqueIdentifier>
    </Filter>
    <Filter Include="Native">
      <UniqueIdentifier>{e341f022-ad9b-4e82-8126-48a6f31111c8}</UniqueIdentifier>
    </Filter>
    <Filter Include="Settings">
      <UniqueIdentifier>{fd061c7a-3bce-401c-8f89-c70c18bd6b7e}</UniqueIdentifier>
    </Filter>
    <Filter Include="ObScript">
      <UniqueIdentifier>{31f87b01-26d2-4070-81b8-af0a5e2de996}</UniqueIdentifier>
    </Filter>
    <Filter Include="Definitions">
      <UniqueIdentifier>{e9d5da64-6510-4e29-ad17-92a15c85dd27}</UniqueIdentifier>
    </Filter>
  </ItemGroup>
</Project>