
Microsoft Visual Studio Solution File, Format Version 12.00
# Visual Studio Version 16
VisualStudioVersion = 16.0.29009.5
MinimumVisualStudioVersion = 10.0.40219.1
Project("{8BC9CEB8-8B4A-11D0-8D11-00A0C91BC942}") = "f4se_loader", "f4se_loader\f4se_loader.vcxproj", "{4229A810-8CB3-4C31-A0F5-8E73D89C0379}"
EndProject
Project("{8BC9CEB8-8B4A-11D0-8D11-00A0C91BC942}") = "common_vc14", "..\common\common_vc14.vcxproj", "{472E19AB-DEF0-42DF-819B-18722E8DC822}"
EndProject
Project("{8BC9CEB8-8B4A-11D0-8D11-00A0C91BC942}") = "f4se", "f4se\f4se.vcxproj", "{A236F69D-8FF9-4491-AC5F-45BF49448BBE}"
EndProject
Project("{8BC9CEB8-8B4A-11D0-8D11-00A0C91BC942}") = "f4se_common", "f4se_common\f4se_common.vcxproj", "{20C6411C-596F-4B85-BE4E-8BC91F59D8A6}"
EndProject
Project("{8BC9CEB8-8B4A-11D0-8D11-00A0C91BC942}") = "f4se_steam_loader", "f4se_steam_loader\f4se_steam_loader.vcxproj", "{B13F31AC-C86C-47FF-B900-EDA1F6EC6C84}"
EndProject
Project("{8BC9CEB8-8B4A-11D0-8D11-00A0C91BC942}") = "f4se_loader_common", "f4se_loader_common\f4se_loader_common.vcxproj", "{BE858737-949E-48CF-ADF9-079389049B57}"
	ProjectSection(ProjectDependencies) = postProject
		{20C6411C-596F-4B85-BE4E-8BC91F59D8A6} = {20C6411C-596F-4B85-BE4E-8BC91F59D8A6}
	EndProjectSection
EndProject
Project("{2150E333-8FDC-42A3-9474-1A3956D46DE8}") = "F4SE-src", "F4SE-src", "{4A466CF4-A252-42F1-8B14-A1844F9FF006}"
EndProject
Project("{2150E333-8FDC-42A3-9474-1A3956D46DE8}") = "F4SE-plugins", "F4SE-plugins", "{BC0BE204-C9D8-4966-87CD-6B9F66F35789}"
EndProject
Project("{8BC9CEB8-8B4A-11D0-8D11-00A0C91BC942}") = "f4se_globals", "f4se_globals\f4se_globals.vcxproj", "{C3C4B92C-5DAE-4465-813A-A957C357754F}"
EndProject
Project("{8BC9CEB8-8B4A-11D0-8D11-00A0C91BC942}") = "BetaCommentEnabler", "f4se_plugins\BetaCommentEnabler\BetaCommentEnabler.vcxproj", "{464CFA55-3BC8-411A-8891-F80F305065B9}"
EndProject
Project("{8BC9CEB8-8B4A-11D0-8D11-00A0C91BC942}") = "TemplatePlugin", "f4se_plugins\TemplatePlugin\TemplatePlugin.vcxproj", "{66A31B83-C4D9-4B38-991C-465A46721266}"
EndProject
Project("{8BC9CEB8-8B4A-11D0-8D11-00A0C91BC942}") = "ProjectMassachusetts", "f4se_plugins\ProjectMassachusetts\ProjectMassachusetts.vcxproj", "{61835170-6A0D-4F47-A970-C92A1969DBFB}"
EndProject
Project("{8BC9CEB8-8B4A-11D0-8D11-00A0C91BC942}") = "WaitAnywhere", "f4se_plugins\WaitAnywhere\WaitAnywhere.vcxproj", "{A19B84F8-9CAF-41D1-914A-83271DE61A63}"
EndProject
Project("{8BC9CEB8-8B4A-11D0-8D11-00A0C91BC942}") = "MfgPlugin", "f4se_plugins\MfgPlugin\MfgPlugin.vcxproj", "{63DEAD7F-06D6-4249-8CE5-5A4CD321ABE8}"
EndProject
Global
	GlobalSection(SolutionConfigurationPlatforms) = preSolution
		Debug|x64 = Debug|x64
		Debug|x86 = Debug|x86
		Release|x64 = Release|x64
		Release|x86 = Release|x86
	EndGlobalSection
	GlobalSection(ProjectConfigurationPlatforms) = postSolution
		{4229A810-8CB3-4C31-A0F5-8E73D89C0379}.Debug|x64.ActiveCfg = Debug|x64
		{4229A810-8CB3-4C31-A0F5-8E73D89C0379}.Debug|x64.Build.0 = Debug|x64
		{4229A810-8CB3-4C31-A0F5-8E73D89C0379}.Debug|x86.ActiveCfg = Debug|x64
		{4229A810-8CB3-4C31-A0F5-8E73D89C0379}.Release|x64.ActiveCfg = Release|x64
		{4229A810-8CB3-4C31-A0F5-8E73D89C0379}.Release|x64.Build.0 = Release|x64
		{4229A810-8CB3-4C31-A0F5-8E73D89C0379}.Release|x86.ActiveCfg = Release|x64
		{472E19AB-DEF0-42DF-819B-18722E8DC822}.Debug|x64.ActiveCfg = Debug|x64
		{472E19AB-DEF0-42DF-819B-18722E8DC822}.Debug|x64.Build.0 = Debug|x64
		{472E19AB-DEF0-42DF-819B-18722E8DC822}.Debug|x86.ActiveCfg = Debug|x64
		{472E19AB-DEF0-42DF-819B-18722E8DC822}.Release|x64.ActiveCfg = Release|x64
		{472E19AB-DEF0-42DF-819B-18722E8DC822}.Release|x64.Build.0 = Release|x64
		{472E19AB-DEF0-42DF-819B-18722E8DC822}.Release|x86.ActiveCfg = Release|x64
		{A236F69D-8FF9-4491-AC5F-45BF49448BBE}.Debug|x64.ActiveCfg = Debug|x64
		{A236F69D-8FF9-4491-AC5F-45BF49448BBE}.Debug|x64.Build.0 = Debug|x64
		{A236F69D-8FF9-4491-AC5F-45BF49448BBE}.Debug|x86.ActiveCfg = Debug|x64
		{A236F69D-8FF9-4491-AC5F-45BF49448BBE}.Release|x64.ActiveCfg = Release|x64
		{A236F69D-8FF9-4491-AC5F-45BF49448BBE}.Release|x64.Build.0 = Release|x64
		{A236F69D-8FF9-4491-AC5F-45BF49448BBE}.Release|x86.ActiveCfg = Release|x64
		{20C6411C-596F-4B85-BE4E-8BC91F59D8A6}.Debug|x64.ActiveCfg = Debug|x64
		{20C6411C-596F-4B85-BE4E-8BC91F59D8A6}.Debug|x64.Build.0 = Debug|x64
		{20C6411C-596F-4B85-BE4E-8BC91F59D8A6}.Debug|x86.ActiveCfg = Debug|x64
		{20C6411C-596F-4B85-BE4E-8BC91F59D8A6}.Release|x64.ActiveCfg = Release|x64
		{20C6411C-596F-4B85-BE4E-8BC91F59D8A6}.Release|x64.Build.0 = Release|x64
		{20C6411C-596F-4B85-BE4E-8BC91F59D8A6}.Release|x86.ActiveCfg = Release|x64
		{B13F31AC-C86C-47FF-B900-EDA1F6EC6C84}.Debug|x64.ActiveCfg = Debug|x64
		{B13F31AC-C86C-47FF-B900-EDA1F6EC6C84}.Debug|x64.Build.0 = Debug|x64
		{B13F31AC-C86C-47FF-B900-EDA1F6EC6C84}.Debug|x86.ActiveCfg = Debug|x64
		{B13F31AC-C86C-47FF-B900-EDA1F6EC6C84}.Release|x64.ActiveCfg = Release|x64
		{B13F31AC-C86C-47FF-B900-EDA1F6EC6C84}.Release|x64.Build.0 = Release|x64
		{B13F31AC-C86C-47FF-B900-EDA1F6EC6C84}.Release|x86.ActiveCfg = Release|x64
		{BE858737-949E-48CF-ADF9-079389049B57}.Debug|x64.ActiveCfg = Debug|x64
		{BE858737-949E-48CF-ADF9-079389049B57}.Debug|x64.Build.0 = Debug|x64
		{BE858737-949E-48CF-ADF9-079389049B57}.Debug|x86.ActiveCfg = Debug|x64
		{BE858737-949E-48CF-ADF9-079389049B57}.Release|x64.ActiveCfg = Release|x64
		{BE858737-949E-48CF-ADF9-079389049B57}.Release|x64.Build.0 = Release|x64
		{BE858737-949E-48CF-ADF9-079389049B57}.Release|x86.ActiveCfg = Release|x64
		{C3C4B92C-5DAE-4465-813A-A957C357754F}.Debug|x64.ActiveCfg = Debug|x64
		{C3C4B92C-5DAE-4465-813A-A957C357754F}.Debug|x64.Build.0 = Debug|x64
		{C3C4B92C-5DAE-4465-813A-A957C357754F}.Debug|x86.ActiveCfg = Debug|Win32
		{C3C4B92C-5DAE-4465-813A-A957C357754F}.Debug|x86.Build.0 = Debug|Win32
		{C3C4B92C-5DAE-4465-813A-A957C357754F}.Release|x64.ActiveCfg = Release|x64
		{C3C4B92C-5DAE-4465-813A-A957C357754F}.Release|x64.Build.0 = Release|x64
		{C3C4B92C-5DAE-4465-813A-A957C357754F}.Release|x86.ActiveCfg = Release|Win32
		{C3C4B92C-5DAE-4465-813A-A957C357754F}.Release|x86.Build.0 = Release|Win32
		{464CFA55-3BC8-411A-8891-F80F305065B9}.Debug|x64.ActiveCfg = Debug|x64
		{464CFA55-3BC8-411A-8891-F80F305065B9}.Debug|x64.Build.0 = Debug|x64
		{464CFA55-3BC8-411A-8891-F80F305065B9}.Debug|x86.ActiveCfg = Debug|Win32
		{464CFA55-3BC8-411A-8891-F80F305065B9}.Debug|x86.Build.0 = Debug|Win32
		{464CFA55-3BC8-411A-8891-F80F305065B9}.Release|x64.ActiveCfg = Release|x64
		{464CFA55-3BC8-411A-8891-F80F305065B9}.Release|x64.Build.0 = Release|x64
		{464CFA55-3BC8-411A-8891-F80F305065B9}.Release|x86.ActiveCfg = Release|Win32
		{464CFA55-3BC8-411A-8891-F80F305065B9}.Release|x86.Build.0 = Release|Win32
		{66A31B83-C4D9-4B38-991C-465A46721266}.Debug|x64.ActiveCfg = Debug|x64
		{66A31B83-C4D9-4B38-991C-465A46721266}.Debug|x64.Build.0 = Debug|x64
		{66A31B83-C4D9-4B38-991C-465A46721266}.Debug|x86.ActiveCfg = Debug|Win32
		{66A31B83-C4D9-4B38-991C-465A46721266}.Debug|x86.Build.0 = Debug|Win32
		{66A31B83-C4D9-4B38-991C-465A46721266}.Release|x64.ActiveCfg = Release|x64
		{66A31B83-C4D9-4B38-991C-465A46721266}.Release|x64.Build.0 = Release|x64
		{66A31B83-C4D9-4B38-991C-465A46721266}.Release|x86.ActiveCfg = Release|Win32
		{66A31B83-C4D9-4B38-991C-465A46721266}.Release|x86.Build.0 = Release|Win32
		{61835170-6A0D-4F47-A970-C92A1969DBFB}.Debug|x64.ActiveCfg = Debug|x64
		{61835170-6A0D-4F47-A970-C92A1969DBFB}.Debug|x64.Build.0 = Debug|x64
		{61835170-6A0D-4F47-A970-C92A1969DBFB}.Debug|x86.ActiveCfg = Debug|Win32
		{61835170-6A0D-4F47-A970-C92A1969DBFB}.Debug|x86.Build.0 = Debug|Win32
		{61835170-6A0D-4F47-A970-C92A1969DBFB}.Release|x64.ActiveCfg = Release|x64
		{61835170-6A0D-4F47-A970-C92A1969DBFB}.Release|x64.Build.0 = Release|x64
		{61835170-6A0D-4F47-A970-C92A1969DBFB}.Release|x86.ActiveCfg = Release|Win32
		{61835170-6A0D-4F47-A970-C92A1969DBFB}.Release|x86.Build.0 = Release|Win32
		{A19B84F8-9CAF-41D1-914A-83271DE61A63}.Debug|x64.ActiveCfg = Debug|x64
		{A19B84F8-9CAF-41D1-914A-83271DE61A63}.Debug|x64.Build.0 = Debug|x64
		{A19B84F8-9CAF-41D1-914A-83271DE61A63}.Debug|x86.ActiveCfg = Debug|Win32
		{A19B84F8-9CAF-41D1-914A-83271DE61A63}.Debug|x86.Build.0 = Debug|Win32
		{A19B84F8-9CAF-41D1-914A-83271DE61A63}.Release|x64.ActiveCfg = Release|x64
		{A19B84F8-9CAF-41D1-914A-83271DE61A63}.Release|x64.Build.0 = Release|x64
		{A19B84F8-9CAF-41D1-914A-83271DE61A63}.Release|x86.ActiveCfg = Release|Win32
		{A19B84F8-9CAF-41D1-914A-83271DE61A63}.Release|x86.Build.0 = Release|Win32
		{63DEAD7F-06D6-4249-8CE5-5A4CD321ABE8}.Debug|x64.ActiveCfg = Debug|x64
		{63DEAD7F-06D6-4249-8CE5-5A4CD321ABE8}.Debug|x64.Build.0 = Debug|x64
		{63DEAD7F-06D6-4249-8CE5-5A4CD321ABE8}.Debug|x86.ActiveCfg = Debug|Win32
		{63DEAD7F-06D6-4249-8CE5-5A4CD321ABE8}.Debug|x86.Build.0 = Debug|Win32
		{63DEAD7F-06D6-4249-8CE5-5A4CD321ABE8}.Release|x64.ActiveCfg = Release|x64
		{63DEAD7F-06D6-4249-8CE5-5A4CD321ABE8}.Release|x64.Build.0 = Release|x64
		{63DEAD7F-06D6-4249-8CE5-5A4CD321ABE8}.Release|x86.ActiveCfg = Release|Win32
		{63DEAD7F-06D6-4249-8CE5-5A4CD321ABE8}.Release|x86.Build.0 = Release|Win32
	EndGlobalSection
	GlobalSection(SolutionProperties) = preSolution
		HideSolutionNode = FALSE
	EndGlobalSection
	GlobalSection(NestedProjects) = preSolution
		{4229A810-8CB3-4C31-A0F5-8E73D89C0379} = {4A466CF4-A252-42F1-8B14-A1844F9FF006}
		{472E19AB-DEF0-42DF-819B-18722E8DC822} = {4A466CF4-A252-42F1-8B14-A1844F9FF006}
		{A236F69D-8FF9-4491-AC5F-45BF49448BBE} = {4A466CF4-A252-42F1-8B14-A1844F9FF006}
		{20C6411C-596F-4B85-BE4E-8BC91F59D8A6} = {4A466CF4-A252-42F1-8B14-A1844F9FF006}
		{B13F31AC-C86C-47FF-B900-EDA1F6EC6C84} = {4A466CF4-A252-42F1-8B14-A1844F9FF006}
		{BE858737-949E-48CF-ADF9-079389049B57} = {4A466CF4-A252-42F1-8B14-A1844F9FF006}
		{464CFA55-3BC8-411A-8891-F80F305065B9} = {BC0BE204-C9D8-4966-87CD-6B9F66F35789}
		{66A31B83-C4D9-4B38-991C-465A46721266} = {BC0BE204-C9D8-4966-87CD-6B9F66F35789}
		{61835170-6A0D-4F47-A970-C92A1969DBFB} = {BC0BE204-C9D8-4966-87CD-6B9F66F35789}
		{A19B84F8-9CAF-41D1-914A-83271DE61A63} = {BC0BE204-C9D8-4966-87CD-6B9F66F35789}
		{63DEAD7F-06D6-4249-8CE5-5A4CD321ABE8} = {BC0BE204-C9D8-4966-87CD-6B9F66F35789}
	EndGlobalSection
	GlobalSection(ExtensibilityGlobals) = postSolution
		SolutionGuid = {0BAD350C-A27C-4029-875F-1B8C6DFB299A}
	EndGlobalSection
EndGlobal
