<?xml version="1.0" encoding="utf-8"?>
<Project ToolsVersion="4.0" xmlns="http://schemas.microsoft.com/developer/msbuild/2003">
  <ItemGroup>
    <ClInclude Include="Config.h" />
    <ClInclude Include="DataManager.h">
      <Filter>DataManager</Filter>
    </ClInclude>
    <ClInclude Include="PerkManager.h">
      <Filter>PerkManager</Filter>
    </ClInclude>
    <ClInclude Include="ScaleformManager.h">
      <Filter>ScaleformManager</Filter>
    </ClInclude>
    <ClInclude Include="ValueManager.h">
      <Filter>ValueManager</Filter>
    </ClInclude>
    <ClInclude Include="ScriptManager.h">
      <Filter>ScriptManager</Filter>
    </ClInclude>
    <ClInclude Include="SaveManager.h">
      <Filter>SaveManager</Filter>
    </ClInclude>
  </ItemGroup>
  <ItemGroup>
    <ClCompile Include="main.cpp" />
    <ClCompile Include="DataManager.cpp">
      <Filter>DataManager</Filter>
    </ClCompile>
    <ClCompile Include="PerkManager.cpp">
      <Filter>PerkManager</Filter>
    </ClCompile>
    <ClCompile Include="ScaleformManager.cpp">
      <Filter>ScaleformManager</Filter>
    </ClCompile>
    <ClCompile Include="ValueManager.cpp">
      <Filter>ValueManager</Filter>
    </ClCompile>
    <ClCompile Include="ScriptManager.cpp">
      <Filter>ScriptManager</Filter>
    </ClCompile>
    <ClCompile Include="SaveManager.cpp">
      <Filter>SaveManager</Filter>
    </ClCompile>
  </ItemGroup>
  <ItemGroup>
    <None Include="exports.def" />
  </ItemGroup>
  <ItemGroup>
    <Filter Include="DataManager">
      <UniqueIdentifier>{cbbd266a-ff9c-41ca-b163-12ea730fb8a9}</UniqueIdentifier>
    </Filter>
    <Filter Include="PerkManager">
      <UniqueIdentifier>{958749d7-ba0e-44f8-8b29-d7f357f5ac5d}</UniqueIdentifier>
    </Filter>
    <Filter Include="ScaleformManager">
      <UniqueIdentifier>{b08b0888-6c7e-400c-b5af-0c617b1b1cad}</UniqueIdentifier>
    </Filter>
    <Filter Include="ValueManager">
      <UniqueIdentifier>{b9ba6962-1cfd-41eb-a88b-2d4648a8fb69}</UniqueIdentifier>
    </Filter>
    <Filter Include="ScriptManager">
      <UniqueIdentifier>{2c036e25-1d13-41e0-bc26-873ae7c01d6f}</UniqueIdentifier>
    </Filter>
    <Filter Include="SaveManager">
      <UniqueIdentifier>{f24d08d4-8221-4bca-bc16-205fa2ec12c4}</UniqueIdentifier>
    </Filter>
  </ItemGroup>
</Project>