<?xml version="1.0" encoding="utf-8"?>
<Project ToolsVersion="4.0" xmlns="http://schemas.microsoft.com/developer/msbuild/2003">
  <ItemGroup>
    <ClInclude Include="Config.h" />
    <ClInclude Include="Forms.h">
      <Filter>Forms</Filter>
    </ClInclude>
    <ClInclude Include="Scaleform.h">
      <Filter>Scaleform</Filter>
    </ClInclude>
    <ClInclude Include="InputHandler.h">
      <Filter>Scaleform</Filter>
    </ClInclude>
    <ClInclude Include="Seralize.h">
      <Filter>Serialization</Filter>
    </ClInclude>
    <ClInclude Include="Perks.h">
      <Filter>Forms</Filter>
    </ClInclude>
    <ClInclude Include="Values.h">
      <Filter>Forms</Filter>
    </ClInclude>
    <ClInclude Include="ObScript.h">
      <Filter>Scripts</Filter>
    </ClInclude>
    <ClInclude Include="Papyrus.h">
      <Filter>Scripts</Filter>
    </ClInclude>
    <ClInclude Include="Events.h">
      <Filter>Events</Filter>
    </ClInclude>
    <ClInclude Include="Condition.h">
      <Filter>Condition</Filter>
    </ClInclude>
  </ItemGroup>
  <ItemGroup>
    <ClCompile Include="main.cpp" />
    <ClCompile Include="Forms.cpp">
      <Filter>Forms</Filter>
    </ClCompile>
    <ClCompile Include="Scaleform.cpp">
      <Filter>Scaleform</Filter>
    </ClCompile>
    <ClCompile Include="InputHandler.cpp">
      <Filter>Scaleform</Filter>
    </ClCompile>
    <ClCompile Include="Seralize.cpp">
      <Filter>Serialization</Filter>
    </ClCompile>
    <ClCompile Include="Perks.cpp">
      <Filter>Forms</Filter>
    </ClCompile>
    <ClCompile Include="Values.cpp">
      <Filter>Forms</Filter>
    </ClCompile>
    <ClCompile Include="ObScript.cpp">
      <Filter>Scripts</Filter>
    </ClCompile>
    <ClCompile Include="Papyrus.cpp">
      <Filter>Scripts</Filter>
    </ClCompile>
    <ClCompile Include="Events.cpp">
      <Filter>Events</Filter>
    </ClCompile>
    <ClCompile Include="Condition.cpp">
      <Filter>Condition</Filter>
    </ClCompile>
  </ItemGroup>
  <ItemGroup>
    <None Include="exports.def" />
  </ItemGroup>
  <ItemGroup>
    <Filter Include="Forms">
      <UniqueIdentifier>{6a05b473-fdd9-49af-b9db-5b9a86468d77}</UniqueIdentifier>
    </Filter>
    <Filter Include="Scaleform">
      <UniqueIdentifier>{7df83871-5c93-40b3-aad3-b60ac9e8db6e}</UniqueIdentifier>
    </Filter>
    <Filter Include="Serialization">
      <UniqueIdentifier>{c2ebb0ab-edda-42f5-a08a-f28d590840e3}</UniqueIdentifier>
    </Filter>
    <Filter Include="Scripts">
      <UniqueIdentifier>{cadbd28b-2b5d-4c5c-b2ab-dd6b985ec855}</UniqueIdentifier>
    </Filter>
    <Filter Include="Events">
      <UniqueIdentifier>{c36ff4ce-c51a-430d-ac61-6efe1f3758a9}</UniqueIdentifier>
    </Filter>
    <Filter Include="Condition">
      <UniqueIdentifier>{bb2c15ef-5161-406d-a4fe-5b02894251c6}</UniqueIdentifier>
    </Filter>
  </ItemGroup>
</Project>